
Microsoft Visual Studio Solution File, Format Version 12.00
# Visual Studio Version 16
VisualStudioVersion = 16.0.30114.105
MinimumVisualStudioVersion = 10.0.40219.1
Project("{2150E333-8FDC-42A3-9474-1A3956D46DE8}") = "src", "src", "{F7330607-1076-4B1D-9CC8-88296FB1D87A}"
EndProject
Project("{FAE04EC0-301F-11D3-BF4B-00C04F79EFBC}") = "Poke.API", "src\Poke.API\Poke.API.csproj", "{78E12829-1931-4EA4-8B8D-2279B7233214}"
EndProject
Project("{FAE04EC0-301F-11D3-BF4B-00C04F79EFBC}") = "Poke.Application", "src\Poke.Application\Poke.Application.csproj", "{1BDB2224-BCEA-4B1B-8996-E861717710CC}"
EndProject
Project("{FAE04EC0-301F-11D3-BF4B-00C04F79EFBC}") = "Poke.Core", "src\Poke.Core\Poke.Core.csproj", "{2812AAD8-C696-4AD5-A5A6-D25A458F05DF}"
EndProject
Project("{FAE04EC0-301F-11D3-BF4B-00C04F79EFBC}") = "Poke.Infra", "src\Poke.Infra\Poke.Infra.csproj", "{C42C0653-64FD-4DAC-88F9-0C116D40CEC2}"
EndProject
Project("{2150E333-8FDC-42A3-9474-1A3956D46DE8}") = "test", "test", "{57394EA2-E249-4F7E-9CB2-E44317BB04FE}"
EndProject
Project("{FAE04EC0-301F-11D3-BF4B-00C04F79EFBC}") = "Poke.Unit.Tests", "test\Poke.Unit.Tests\Poke.Unit.Tests.csproj", "{D2FFB6A7-4C8F-421E-8140-3663D085DF5D}"
EndProject
Project("{FAE04EC0-301F-11D3-BF4B-00C04F79EFBC}") = "Poke.Integration.Tests", "test\Poke.Integration.Tests\Poke.Integration.Tests.csproj", "{1EB9DCCE-2DC3-4CC4-8A25-19963340F43A}"
EndProject
Project("{FAE04EC0-301F-11D3-BF4B-00C04F79EFBC}") = "Poke.Core.Tests", "test\Poke.Core.Tests\Poke.Core.Tests.csproj", "{35BE8EBA-4C5E-45B4-A959-F07C611B7CF4}"
EndProject
Project("{FAE04EC0-301F-11D3-BF4B-00C04F79EFBC}") = "Poke.Shared", "src\Poke.Shared\Poke.Shared.csproj", "{1F729DD2-2C4D-4208-831F-FE11AEFFA45F}"
EndProject
Global
	GlobalSection(SolutionProperties) = preSolution
		HideSolutionNode = FALSE
	EndGlobalSection
	GlobalSection(SolutionConfigurationPlatforms) = preSolution
		Debug|Any CPU = Debug|Any CPU
		Debug|x64 = Debug|x64
		Debug|x86 = Debug|x86
		Release|Any CPU = Release|Any CPU
		Release|x64 = Release|x64
		Release|x86 = Release|x86
	EndGlobalSection
	GlobalSection(ProjectConfigurationPlatforms) = postSolution
		{78E12829-1931-4EA4-8B8D-2279B7233214}.Debug|Any CPU.ActiveCfg = Debug|Any CPU
		{78E12829-1931-4EA4-8B8D-2279B7233214}.Debug|Any CPU.Build.0 = Debug|Any CPU
		{78E12829-1931-4EA4-8B8D-2279B7233214}.Debug|x64.ActiveCfg = Debug|Any CPU
		{78E12829-1931-4EA4-8B8D-2279B7233214}.Debug|x64.Build.0 = Debug|Any CPU
		{78E12829-1931-4EA4-8B8D-2279B7233214}.Debug|x86.ActiveCfg = Debug|Any CPU
		{78E12829-1931-4EA4-8B8D-2279B7233214}.Debug|x86.Build.0 = Debug|Any CPU
		{78E12829-1931-4EA4-8B8D-2279B7233214}.Release|Any CPU.ActiveCfg = Release|Any CPU
		{78E12829-1931-4EA4-8B8D-2279B7233214}.Release|Any CPU.Build.0 = Release|Any CPU
		{78E12829-1931-4EA4-8B8D-2279B7233214}.Release|x64.ActiveCfg = Release|Any CPU
		{78E12829-1931-4EA4-8B8D-2279B7233214}.Release|x64.Build.0 = Release|Any CPU
		{78E12829-1931-4EA4-8B8D-2279B7233214}.Release|x86.ActiveCfg = Release|Any CPU
		{78E12829-1931-4EA4-8B8D-2279B7233214}.Release|x86.Build.0 = Release|Any CPU
		{1BDB2224-BCEA-4B1B-8996-E861717710CC}.Debug|Any CPU.ActiveCfg = Debug|Any CPU
		{1BDB2224-BCEA-4B1B-8996-E861717710CC}.Debug|Any CPU.Build.0 = Debug|Any CPU
		{1BDB2224-BCEA-4B1B-8996-E861717710CC}.Debug|x64.ActiveCfg = Debug|Any CPU
		{1BDB2224-BCEA-4B1B-8996-E861717710CC}.Debug|x64.Build.0 = Debug|Any CPU
		{1BDB2224-BCEA-4B1B-8996-E861717710CC}.Debug|x86.ActiveCfg = Debug|Any CPU
		{1BDB2224-BCEA-4B1B-8996-E861717710CC}.Debug|x86.Build.0 = Debug|Any CPU
		{1BDB2224-BCEA-4B1B-8996-E861717710CC}.Release|Any CPU.ActiveCfg = Release|Any CPU
		{1BDB2224-BCEA-4B1B-8996-E861717710CC}.Release|Any CPU.Build.0 = Release|Any CPU
		{1BDB2224-BCEA-4B1B-8996-E861717710CC}.Release|x64.ActiveCfg = Release|Any CPU
		{1BDB2224-BCEA-4B1B-8996-E861717710CC}.Release|x64.Build.0 = Release|Any CPU
		{1BDB2224-BCEA-4B1B-8996-E861717710CC}.Release|x86.ActiveCfg = Release|Any CPU
		{1BDB2224-BCEA-4B1B-8996-E861717710CC}.Release|x86.Build.0 = Release|Any CPU
		{2812AAD8-C696-4AD5-A5A6-D25A458F05DF}.Debug|Any CPU.ActiveCfg = Debug|Any CPU
		{2812AAD8-C696-4AD5-A5A6-D25A458F05DF}.Debug|Any CPU.Build.0 = Debug|Any CPU
		{2812AAD8-C696-4AD5-A5A6-D25A458F05DF}.Debug|x64.ActiveCfg = Debug|Any CPU
		{2812AAD8-C696-4AD5-A5A6-D25A458F05DF}.Debug|x64.Build.0 = Debug|Any CPU
		{2812AAD8-C696-4AD5-A5A6-D25A458F05DF}.Debug|x86.ActiveCfg = Debug|Any CPU
		{2812AAD8-C696-4AD5-A5A6-D25A458F05DF}.Debug|x86.Build.0 = Debug|Any CPU
		{2812AAD8-C696-4AD5-A5A6-D25A458F05DF}.Release|Any CPU.ActiveCfg = Release|Any CPU
		{2812AAD8-C696-4AD5-A5A6-D25A458F05DF}.Release|Any CPU.Build.0 = Release|Any CPU
		{2812AAD8-C696-4AD5-A5A6-D25A458F05DF}.Release|x64.ActiveCfg = Release|Any CPU
		{2812AAD8-C696-4AD5-A5A6-D25A458F05DF}.Release|x64.Build.0 = Release|Any CPU
		{2812AAD8-C696-4AD5-A5A6-D25A458F05DF}.Release|x86.ActiveCfg = Release|Any CPU
		{2812AAD8-C696-4AD5-A5A6-D25A458F05DF}.Release|x86.Build.0 = Release|Any CPU
		{C42C0653-64FD-4DAC-88F9-0C116D40CEC2}.Debug|Any CPU.ActiveCfg = Debug|Any CPU
		{C42C0653-64FD-4DAC-88F9-0C116D40CEC2}.Debug|Any CPU.Build.0 = Debug|Any CPU
		{C42C0653-64FD-4DAC-88F9-0C116D40CEC2}.Debug|x64.ActiveCfg = Debug|Any CPU
		{C42C0653-64FD-4DAC-88F9-0C116D40CEC2}.Debug|x64.Build.0 = Debug|Any CPU
		{C42C0653-64FD-4DAC-88F9-0C116D40CEC2}.Debug|x86.ActiveCfg = Debug|Any CPU
		{C42C0653-64FD-4DAC-88F9-0C116D40CEC2}.Debug|x86.Build.0 = Debug|Any CPU
		{C42C0653-64FD-4DAC-88F9-0C116D40CEC2}.Release|Any CPU.ActiveCfg = Release|Any CPU
		{C42C0653-64FD-4DAC-88F9-0C116D40CEC2}.Release|Any CPU.Build.0 = Release|Any CPU
		{C42C0653-64FD-4DAC-88F9-0C116D40CEC2}.Release|x64.ActiveCfg = Release|Any CPU
		{C42C0653-64FD-4DAC-88F9-0C116D40CEC2}.Release|x64.Build.0 = Release|Any CPU
		{C42C0653-64FD-4DAC-88F9-0C116D40CEC2}.Release|x86.ActiveCfg = Release|Any CPU
		{C42C0653-64FD-4DAC-88F9-0C116D40CEC2}.Release|x86.Build.0 = Release|Any CPU
		{D2FFB6A7-4C8F-421E-8140-3663D085DF5D}.Debug|Any CPU.ActiveCfg = Debug|Any CPU
		{D2FFB6A7-4C8F-421E-8140-3663D085DF5D}.Debug|Any CPU.Build.0 = Debug|Any CPU
		{D2FFB6A7-4C8F-421E-8140-3663D085DF5D}.Debug|x64.ActiveCfg = Debug|Any CPU
		{D2FFB6A7-4C8F-421E-8140-3663D085DF5D}.Debug|x64.Build.0 = Debug|Any CPU
		{D2FFB6A7-4C8F-421E-8140-3663D085DF5D}.Debug|x86.ActiveCfg = Debug|Any CPU
		{D2FFB6A7-4C8F-421E-8140-3663D085DF5D}.Debug|x86.Build.0 = Debug|Any CPU
		{D2FFB6A7-4C8F-421E-8140-3663D085DF5D}.Release|Any CPU.ActiveCfg = Release|Any CPU
		{D2FFB6A7-4C8F-421E-8140-3663D085DF5D}.Release|Any CPU.Build.0 = Release|Any CPU
		{D2FFB6A7-4C8F-421E-8140-3663D085DF5D}.Release|x64.ActiveCfg = Release|Any CPU
		{D2FFB6A7-4C8F-421E-8140-3663D085DF5D}.Release|x64.Build.0 = Release|Any CPU
		{D2FFB6A7-4C8F-421E-8140-3663D085DF5D}.Release|x86.ActiveCfg = Release|Any CPU
		{D2FFB6A7-4C8F-421E-8140-3663D085DF5D}.Release|x86.Build.0 = Release|Any CPU
		{1EB9DCCE-2DC3-4CC4-8A25-19963340F43A}.Debug|Any CPU.ActiveCfg = Debug|Any CPU
		{1EB9DCCE-2DC3-4CC4-8A25-19963340F43A}.Debug|Any CPU.Build.0 = Debug|Any CPU
		{1EB9DCCE-2DC3-4CC4-8A25-19963340F43A}.Debug|x64.ActiveCfg = Debug|Any CPU
		{1EB9DCCE-2DC3-4CC4-8A25-19963340F43A}.Debug|x64.Build.0 = Debug|Any CPU
		{1EB9DCCE-2DC3-4CC4-8A25-19963340F43A}.Debug|x86.ActiveCfg = Debug|Any CPU
		{1EB9DCCE-2DC3-4CC4-8A25-19963340F43A}.Debug|x86.Build.0 = Debug|Any CPU
		{1EB9DCCE-2DC3-4CC4-8A25-19963340F43A}.Release|Any CPU.ActiveCfg = Release|Any CPU
		{1EB9DCCE-2DC3-4CC4-8A25-19963340F43A}.Release|Any CPU.Build.0 = Release|Any CPU
		{1EB9DCCE-2DC3-4CC4-8A25-19963340F43A}.Release|x64.ActiveCfg = Release|Any CPU
		{1EB9DCCE-2DC3-4CC4-8A25-19963340F43A}.Release|x64.Build.0 = Release|Any CPU
		{1EB9DCCE-2DC3-4CC4-8A25-19963340F43A}.Release|x86.ActiveCfg = Release|Any CPU
		{1EB9DCCE-2DC3-4CC4-8A25-19963340F43A}.Release|x86.Build.0 = Release|Any CPU
		{35BE8EBA-4C5E-45B4-A959-F07C611B7CF4}.Debug|Any CPU.ActiveCfg = Debug|Any CPU
		{35BE8EBA-4C5E-45B4-A959-F07C611B7CF4}.Debug|Any CPU.Build.0 = Debug|Any CPU
		{35BE8EBA-4C5E-45B4-A959-F07C611B7CF4}.Debug|x64.ActiveCfg = Debug|Any CPU
		{35BE8EBA-4C5E-45B4-A959-F07C611B7CF4}.Debug|x64.Build.0 = Debug|Any CPU
		{35BE8EBA-4C5E-45B4-A959-F07C611B7CF4}.Debug|x86.ActiveCfg = Debug|Any CPU
		{35BE8EBA-4C5E-45B4-A959-F07C611B7CF4}.Debug|x86.Build.0 = Debug|Any CPU
		{35BE8EBA-4C5E-45B4-A959-F07C611B7CF4}.Release|Any CPU.ActiveCfg = Release|Any CPU
		{35BE8EBA-4C5E-45B4-A959-F07C611B7CF4}.Release|Any CPU.Build.0 = Release|Any CPU
		{35BE8EBA-4C5E-45B4-A959-F07C611B7CF4}.Release|x64.ActiveCfg = Release|Any CPU
		{35BE8EBA-4C5E-45B4-A959-F07C611B7CF4}.Release|x64.Build.0 = Release|Any CPU
		{35BE8EBA-4C5E-45B4-A959-F07C611B7CF4}.Release|x86.ActiveCfg = Release|Any CPU
		{35BE8EBA-4C5E-45B4-A959-F07C611B7CF4}.Release|x86.Build.0 = Release|Any CPU
		{1F729DD2-2C4D-4208-831F-FE11AEFFA45F}.Debug|Any CPU.ActiveCfg = Debug|Any CPU
		{1F729DD2-2C4D-4208-831F-FE11AEFFA45F}.Debug|Any CPU.Build.0 = Debug|Any CPU
		{1F729DD2-2C4D-4208-831F-FE11AEFFA45F}.Debug|x64.ActiveCfg = Debug|Any CPU
		{1F729DD2-2C4D-4208-831F-FE11AEFFA45F}.Debug|x64.Build.0 = Debug|Any CPU
		{1F729DD2-2C4D-4208-831F-FE11AEFFA45F}.Debug|x86.ActiveCfg = Debug|Any CPU
		{1F729DD2-2C4D-4208-831F-FE11AEFFA45F}.Debug|x86.Build.0 = Debug|Any CPU
		{1F729DD2-2C4D-4208-831F-FE11AEFFA45F}.Release|Any CPU.ActiveCfg = Release|Any CPU
		{1F729DD2-2C4D-4208-831F-FE11AEFFA45F}.Release|Any CPU.Build.0 = Release|Any CPU
		{1F729DD2-2C4D-4208-831F-FE11AEFFA45F}.Release|x64.ActiveCfg = Release|Any CPU
		{1F729DD2-2C4D-4208-831F-FE11AEFFA45F}.Release|x64.Build.0 = Release|Any CPU
		{1F729DD2-2C4D-4208-831F-FE11AEFFA45F}.Release|x86.ActiveCfg = Release|Any CPU
		{1F729DD2-2C4D-4208-831F-FE11AEFFA45F}.Release|x86.Build.0 = Release|Any CPU
	EndGlobalSection
	GlobalSection(NestedProjects) = preSolution
		{78E12829-1931-4EA4-8B8D-2279B7233214} = {F7330607-1076-4B1D-9CC8-88296FB1D87A}
		{1BDB2224-BCEA-4B1B-8996-E861717710CC} = {F7330607-1076-4B1D-9CC8-88296FB1D87A}
		{2812AAD8-C696-4AD5-A5A6-D25A458F05DF} = {F7330607-1076-4B1D-9CC8-88296FB1D87A}
		{C42C0653-64FD-4DAC-88F9-0C116D40CEC2} = {F7330607-1076-4B1D-9CC8-88296FB1D87A}
		{D2FFB6A7-4C8F-421E-8140-3663D085DF5D} = {57394EA2-E249-4F7E-9CB2-E44317BB04FE}
		{1EB9DCCE-2DC3-4CC4-8A25-19963340F43A} = {57394EA2-E249-4F7E-9CB2-E44317BB04FE}
		{35BE8EBA-4C5E-45B4-A959-F07C611B7CF4} = {57394EA2-E249-4F7E-9CB2-E44317BB04FE}
		{1F729DD2-2C4D-4208-831F-FE11AEFFA45F} = {F7330607-1076-4B1D-9CC8-88296FB1D87A}
	EndGlobalSection
EndGlobal
